// !$*UTF8*$!
{
	archiveVersion = 1;
	classes = {
	};
	objectVersion = 46;
	objects = {

/* Begin PBXBuildFile section */
		391234E619630C8B00628FA4 /* GameOverScene.swift in Sources */ = {isa = PBXBuildFile; fileRef = 391234E519630C8B00628FA4 /* GameOverScene.swift */; };
		39A2E3F11951B79800AE0323 /* AppDelegate.swift in Sources */ = {isa = PBXBuildFile; fileRef = 39A2E3F01951B79800AE0323 /* AppDelegate.swift */; };
		39A2E3F31951B79800AE0323 /* GameScene.sks in Resources */ = {isa = PBXBuildFile; fileRef = 39A2E3F21951B79800AE0323 /* GameScene.sks */; };
		39A2E3F51951B79800AE0323 /* GameScene.swift in Sources */ = {isa = PBXBuildFile; fileRef = 39A2E3F41951B79800AE0323 /* GameScene.swift */; };
		39A2E3F71951B79800AE0323 /* GameViewController.swift in Sources */ = {isa = PBXBuildFile; fileRef = 39A2E3F61951B79800AE0323 /* GameViewController.swift */; };
		39A2E3FA1951B79800AE0323 /* Main.storyboard in Resources */ = {isa = PBXBuildFile; fileRef = 39A2E3F81951B79800AE0323 /* Main.storyboard */; };
		39A2E3FC1951B79800AE0323 /* Images.xcassets in Resources */ = {isa = PBXBuildFile; fileRef = 39A2E3FB1951B79800AE0323 /* Images.xcassets */; };
		39A2E4081951B79800AE0323 /* Zombie_SwiftTests.swift in Sources */ = {isa = PBXBuildFile; fileRef = 39A2E4071951B79800AE0323 /* Zombie_SwiftTests.swift */; };
		39A2E4301951BFF300AE0323 /* background (Charlie Fulton's conflicted copy 2013-10-22).png in Resources */ = {isa = PBXBuildFile; fileRef = 39A2E4131951BFF300AE0323 /* background (Charlie Fulton's conflicted copy 2013-10-22).png */; };
		39A2E4311951BFF300AE0323 /* background.png in Resources */ = {isa = PBXBuildFile; fileRef = 39A2E4141951BFF300AE0323 /* background.png */; };
		39A2E4321951BFF300AE0323 /* background@2x (Charlie Fulton's conflicted copy 2013-10-22).png in Resources */ = {isa = PBXBuildFile; fileRef = 39A2E4151951BFF300AE0323 /* background@2x (Charlie Fulton's conflicted copy 2013-10-22).png */; };
		39A2E4331951BFF300AE0323 /* background@2x.png in Resources */ = {isa = PBXBuildFile; fileRef = 39A2E4161951BFF300AE0323 /* background@2x.png */; };
		39A2E4341951BFF300AE0323 /* MainMenu.png in Resources */ = {isa = PBXBuildFile; fileRef = 39A2E4171951BFF300AE0323 /* MainMenu.png */; };
		39A2E4351951BFF300AE0323 /* MainMenu@2x.png in Resources */ = {isa = PBXBuildFile; fileRef = 39A2E4181951BFF300AE0323 /* MainMenu@2x.png */; };
		39A2E4361951BFF300AE0323 /* YouLose.png in Resources */ = {isa = PBXBuildFile; fileRef = 39A2E4191951BFF300AE0323 /* YouLose.png */; };
		39A2E4371951BFF300AE0323 /* YouLose@2x.png in Resources */ = {isa = PBXBuildFile; fileRef = 39A2E41A1951BFF300AE0323 /* YouLose@2x.png */; };
		39A2E4381951BFF300AE0323 /* YouWin.png in Resources */ = {isa = PBXBuildFile; fileRef = 39A2E41B1951BFF300AE0323 /* YouWin.png */; };
		39A2E4391951BFF300AE0323 /* YouWin@2x.png in Resources */ = {isa = PBXBuildFile; fileRef = 39A2E41C1951BFF300AE0323 /* YouWin@2x.png */; };
		39A2E43A1951BFF300AE0323 /* bgMusic.mp3 in Resources */ = {isa = PBXBuildFile; fileRef = 39A2E41E1951BFF300AE0323 /* bgMusic.mp3 */; };
		39A2E43B1951BFF300AE0323 /* hitCat.wav in Resources */ = {isa = PBXBuildFile; fileRef = 39A2E41F1951BFF300AE0323 /* hitCat.wav */; };
		39A2E43C1951BFF300AE0323 /* hitCatLady.wav in Resources */ = {isa = PBXBuildFile; fileRef = 39A2E4201951BFF300AE0323 /* hitCatLady.wav */; };
		39A2E43D1951BFF300AE0323 /* lose.wav in Resources */ = {isa = PBXBuildFile; fileRef = 39A2E4211951BFF300AE0323 /* lose.wav */; };
		39A2E43E1951BFF300AE0323 /* win.wav in Resources */ = {isa = PBXBuildFile; fileRef = 39A2E4221951BFF300AE0323 /* win.wav */; };
		39A2E43F1951BFF300AE0323 /* cat.png in Resources */ = {isa = PBXBuildFile; fileRef = 39A2E4241951BFF300AE0323 /* cat.png */; };
		39A2E4401951BFF300AE0323 /* cat@2x.png in Resources */ = {isa = PBXBuildFile; fileRef = 39A2E4251951BFF300AE0323 /* cat@2x.png */; };
		39A2E4411951BFF300AE0323 /* enemy.png in Resources */ = {isa = PBXBuildFile; fileRef = 39A2E4261951BFF300AE0323 /* enemy.png */; };
		39A2E4421951BFF300AE0323 /* enemy@2x.png in Resources */ = {isa = PBXBuildFile; fileRef = 39A2E4271951BFF300AE0323 /* enemy@2x.png */; };
		39A2E4431951BFF300AE0323 /* zombie1.png in Resources */ = {isa = PBXBuildFile; fileRef = 39A2E4281951BFF300AE0323 /* zombie1.png */; };
		39A2E4441951BFF300AE0323 /* zombie1@2x.png in Resources */ = {isa = PBXBuildFile; fileRef = 39A2E4291951BFF300AE0323 /* zombie1@2x.png */; };
		39A2E4451951BFF300AE0323 /* zombie2.png in Resources */ = {isa = PBXBuildFile; fileRef = 39A2E42A1951BFF300AE0323 /* zombie2.png */; };
		39A2E4461951BFF300AE0323 /* zombie2@2x.png in Resources */ = {isa = PBXBuildFile; fileRef = 39A2E42B1951BFF300AE0323 /* zombie2@2x.png */; };
		39A2E4471951BFF300AE0323 /* zombie3.png in Resources */ = {isa = PBXBuildFile; fileRef = 39A2E42C1951BFF300AE0323 /* zombie3.png */; };
		39A2E4481951BFF300AE0323 /* zombie3@2x.png in Resources */ = {isa = PBXBuildFile; fileRef = 39A2E42D1951BFF300AE0323 /* zombie3@2x.png */; };
		39A2E4491951BFF300AE0323 /* zombie4.png in Resources */ = {isa = PBXBuildFile; fileRef = 39A2E42E1951BFF300AE0323 /* zombie4.png */; };
		39A2E44A1951BFF300AE0323 /* zombie4@2x.png in Resources */ = {isa = PBXBuildFile; fileRef = 39A2E42F1951BFF300AE0323 /* zombie4@2x.png */; };
/* End PBXBuildFile section */

/* Begin PBXContainerItemProxy section */
		39A2E4021951B79800AE0323 /* PBXContainerItemProxy */ = {
			isa = PBXContainerItemProxy;
			containerPortal = 39A2E3E31951B79800AE0323 /* Project object */;
			proxyType = 1;
			remoteGlobalIDString = 39A2E3EA1951B79800AE0323;
			remoteInfo = Zombie_Swift;
		};
/* End PBXContainerItemProxy section */

/* Begin PBXFileReference section */
		391234E519630C8B00628FA4 /* GameOverScene.swift */ = {isa = PBXFileReference; fileEncoding = 4; lastKnownFileType = sourcecode.swift; name = GameOverScene.swift; path = ../GameOverScene.swift; sourceTree = "<group>"; };
		39A2E3EB1951B79800AE0323 /* Zombie_Swift.app */ = {isa = PBXFileReference; explicitFileType = wrapper.application; includeInIndex = 0; path = Zombie_Swift.app; sourceTree = BUILT_PRODUCTS_DIR; };
		39A2E3EF1951B79800AE0323 /* Info.plist */ = {isa = PBXFileReference; lastKnownFileType = text.plist.xml; path = Info.plist; sourceTree = "<group>"; };
		39A2E3F01951B79800AE0323 /* AppDelegate.swift */ = {isa = PBXFileReference; lastKnownFileType = sourcecode.swift; path = AppDelegate.swift; sourceTree = "<group>"; };
		39A2E3F21951B79800AE0323 /* GameScene.sks */ = {isa = PBXFileReference; lastKnownFileType = file.sks; path = GameScene.sks; sourceTree = "<group>"; };
		39A2E3F41951B79800AE0323 /* GameScene.swift */ = {isa = PBXFileReference; lastKnownFileType = sourcecode.swift; path = GameScene.swift; sourceTree = "<group>"; };
		39A2E3F61951B79800AE0323 /* GameViewController.swift */ = {isa = PBXFileReference; lastKnownFileType = sourcecode.swift; path = GameViewController.swift; sourceTree = "<group>"; };
		39A2E3F91951B79800AE0323 /* Base */ = {isa = PBXFileReference; lastKnownFileType = file.storyboard; name = Base; path = Base.lproj/Main.storyboard; sourceTree = "<group>"; };
		39A2E3FB1951B79800AE0323 /* Images.xcassets */ = {isa = PBXFileReference; lastKnownFileType = folder.assetcatalog; path = Images.xcassets; sourceTree = "<group>"; };
		39A2E4011951B79800AE0323 /* Zombie_SwiftTests.xctest */ = {isa = PBXFileReference; explicitFileType = wrapper.cfbundle; includeInIndex = 0; path = Zombie_SwiftTests.xctest; sourceTree = BUILT_PRODUCTS_DIR; };
		39A2E4061951B79800AE0323 /* Info.plist */ = {isa = PBXFileReference; lastKnownFileType = text.plist.xml; path = Info.plist; sourceTree = "<group>"; };
		39A2E4071951B79800AE0323 /* Zombie_SwiftTests.swift */ = {isa = PBXFileReference; lastKnownFileType = sourcecode.swift; path = Zombie_SwiftTests.swift; sourceTree = "<group>"; };
		39A2E4131951BFF300AE0323 /* background (Charlie Fulton's conflicted copy 2013-10-22).png */ = {isa = PBXFileReference; lastKnownFileType = image.png; path = "background (Charlie Fulton's conflicted copy 2013-10-22).png"; sourceTree = "<group>"; };
		39A2E4141951BFF300AE0323 /* background.png */ = {isa = PBXFileReference; lastKnownFileType = image.png; path = background.png; sourceTree = "<group>"; };
		39A2E4151951BFF300AE0323 /* background@2x (Charlie Fulton's conflicted copy 2013-10-22).png */ = {isa = PBXFileReference; lastKnownFileType = image.png; path = "background@2x (Charlie Fulton's conflicted copy 2013-10-22).png"; sourceTree = "<group>"; };
		39A2E4161951BFF300AE0323 /* background@2x.png */ = {isa = PBXFileReference; lastKnownFileType = image.png; path = "background@2x.png"; sourceTree = "<group>"; };
		39A2E4171951BFF300AE0323 /* MainMenu.png */ = {isa = PBXFileReference; lastKnownFileType = image.png; path = MainMenu.png; sourceTree = "<group>"; };
		39A2E4181951BFF300AE0323 /* MainMenu@2x.png */ = {isa = PBXFileReference; lastKnownFileType = image.png; path = "MainMenu@2x.png"; sourceTree = "<group>"; };
		39A2E4191951BFF300AE0323 /* YouLose.png */ = {isa = PBXFileReference; lastKnownFileType = image.png; path = YouLose.png; sourceTree = "<group>"; };
		39A2E41A1951BFF300AE0323 /* YouLose@2x.png */ = {isa = PBXFileReference; lastKnownFileType = image.png; path = "YouLose@2x.png"; sourceTree = "<group>"; };
		39A2E41B1951BFF300AE0323 /* YouWin.png */ = {isa = PBXFileReference; lastKnownFileType = image.png; path = YouWin.png; sourceTree = "<group>"; };
		39A2E41C1951BFF300AE0323 /* YouWin@2x.png */ = {isa = PBXFileReference; lastKnownFileType = image.png; path = "YouWin@2x.png"; sourceTree = "<group>"; };
		39A2E41E1951BFF300AE0323 /* bgMusic.mp3 */ = {isa = PBXFileReference; lastKnownFileType = audio.mp3; path = bgMusic.mp3; sourceTree = "<group>"; };
		39A2E41F1951BFF300AE0323 /* hitCat.wav */ = {isa = PBXFileReference; lastKnownFileType = audio.wav; path = hitCat.wav; sourceTree = "<group>"; };
		39A2E4201951BFF300AE0323 /* hitCatLady.wav */ = {isa = PBXFileReference; lastKnownFileType = audio.wav; path = hitCatLady.wav; sourceTree = "<group>"; };
		39A2E4211951BFF300AE0323 /* lose.wav */ = {isa = PBXFileReference; lastKnownFileType = audio.wav; path = lose.wav; sourceTree = "<group>"; };
		39A2E4221951BFF300AE0323 /* win.wav */ = {isa = PBXFileReference; lastKnownFileType = audio.wav; path = win.wav; sourceTree = "<group>"; };
		39A2E4241951BFF300AE0323 /* cat.png */ = {isa = PBXFileReference; lastKnownFileType = image.png; path = cat.png; sourceTree = "<group>"; };
		39A2E4251951BFF300AE0323 /* cat@2x.png */ = {isa = PBXFileReference; lastKnownFileType = image.png; path = "cat@2x.png"; sourceTree = "<group>"; };
		39A2E4261951BFF300AE0323 /* enemy.png */ = {isa = PBXFileReference; lastKnownFileType = image.png; path = enemy.png; sourceTree = "<group>"; };
		39A2E4271951BFF300AE0323 /* enemy@2x.png */ = {isa = PBXFileReference; lastKnownFileType = image.png; path = "enemy@2x.png"; sourceTree = "<group>"; };
		39A2E4281951BFF300AE0323 /* zombie1.png */ = {isa = PBXFileReference; lastKnownFileType = image.png; path = zombie1.png; sourceTree = "<group>"; };
		39A2E4291951BFF300AE0323 /* zombie1@2x.png */ = {isa = PBXFileReference; lastKnownFileType = image.png; path = "zombie1@2x.png"; sourceTree = "<group>"; };
		39A2E42A1951BFF300AE0323 /* zombie2.png */ = {isa = PBXFileReference; lastKnownFileType = image.png; path = zombie2.png; sourceTree = "<group>"; };
		39A2E42B1951BFF300AE0323 /* zombie2@2x.png */ = {isa = PBXFileReference; lastKnownFileType = image.png; path = "zombie2@2x.png"; sourceTree = "<group>"; };
		39A2E42C1951BFF300AE0323 /* zombie3.png */ = {isa = PBXFileReference; lastKnownFileType = image.png; path = zombie3.png; sourceTree = "<group>"; };
		39A2E42D1951BFF300AE0323 /* zombie3@2x.png */ = {isa = PBXFileReference; lastKnownFileType = image.png; path = "zombie3@2x.png"; sourceTree = "<group>"; };
		39A2E42E1951BFF300AE0323 /* zombie4.png */ = {isa = PBXFileReference; lastKnownFileType = image.png; path = zombie4.png; sourceTree = "<group>"; };
		39A2E42F1951BFF300AE0323 /* zombie4@2x.png */ = {isa = PBXFileReference; lastKnownFileType = image.png; path = "zombie4@2x.png"; sourceTree = "<group>"; };
/* End PBXFileReference section */

/* Begin PBXFrameworksBuildPhase section */
		39A2E3E81951B79800AE0323 /* Frameworks */ = {
			isa = PBXFrameworksBuildPhase;
			buildActionMask = 2147483647;
			files = (
			);
			runOnlyForDeploymentPostprocessing = 0;
		};
		39A2E3FE1951B79800AE0323 /* Frameworks */ = {
			isa = PBXFrameworksBuildPhase;
			buildActionMask = 2147483647;
			files = (
			);
			runOnlyForDeploymentPostprocessing = 0;
		};
/* End PBXFrameworksBuildPhase section */

/* Begin PBXGroup section */
		39A2E3E21951B79800AE0323 = {
			isa = PBXGroup;
			children = (
				39A2E3ED1951B79800AE0323 /* Zombie_Swift */,
				39A2E4041951B79800AE0323 /* Zombie_SwiftTests */,
				39A2E3EC1951B79800AE0323 /* Products */,
			);
			sourceTree = "<group>";
		};
		39A2E3EC1951B79800AE0323 /* Products */ = {
			isa = PBXGroup;
			children = (
				39A2E3EB1951B79800AE0323 /* Zombie_Swift.app */,
				39A2E4011951B79800AE0323 /* Zombie_SwiftTests.xctest */,
			);
			name = Products;
			sourceTree = "<group>";
		};
		39A2E3ED1951B79800AE0323 /* Zombie_Swift */ = {
			isa = PBXGroup;
			children = (
				39A2E4111951BFF300AE0323 /* Art */,
				39A2E3F01951B79800AE0323 /* AppDelegate.swift */,
				391234E519630C8B00628FA4 /* GameOverScene.swift */,
				39A2E3F21951B79800AE0323 /* GameScene.sks */,
				39A2E3F41951B79800AE0323 /* GameScene.swift */,
				39A2E3F61951B79800AE0323 /* GameViewController.swift */,
				39A2E3F81951B79800AE0323 /* Main.storyboard */,
				39A2E3FB1951B79800AE0323 /* Images.xcassets */,
				39A2E3EE1951B79800AE0323 /* Supporting Files */,
			);
			path = Zombie_Swift;
			sourceTree = "<group>";
		};
		39A2E3EE1951B79800AE0323 /* Supporting Files */ = {
			isa = PBXGroup;
			children = (
				39A2E3EF1951B79800AE0323 /* Info.plist */,
			);
			name = "Supporting Files";
			sourceTree = "<group>";
		};
		39A2E4041951B79800AE0323 /* Zombie_SwiftTests */ = {
			isa = PBXGroup;
			children = (
				39A2E4071951B79800AE0323 /* Zombie_SwiftTests.swift */,
				39A2E4051951B79800AE0323 /* Supporting Files */,
			);
			path = Zombie_SwiftTests;
			sourceTree = "<group>";
		};
		39A2E4051951B79800AE0323 /* Supporting Files */ = {
			isa = PBXGroup;
			children = (
				39A2E4061951B79800AE0323 /* Info.plist */,
			);
			name = "Supporting Files";
			sourceTree = "<group>";
		};
		39A2E4111951BFF300AE0323 /* Art */ = {
			isa = PBXGroup;
			children = (
				39A2E4121951BFF300AE0323 /* Backgrounds */,
				39A2E41D1951BFF300AE0323 /* Sounds */,
				39A2E4231951BFF300AE0323 /* sprites */,
			);
			path = Art;
			sourceTree = "<group>";
		};
		39A2E4121951BFF300AE0323 /* Backgrounds */ = {
			isa = PBXGroup;
			children = (
				39A2E4131951BFF300AE0323 /* background (Charlie Fulton's conflicted copy 2013-10-22).png */,
				39A2E4141951BFF300AE0323 /* background.png */,
				39A2E4151951BFF300AE0323 /* background@2x (Charlie Fulton's conflicted copy 2013-10-22).png */,
				39A2E4161951BFF300AE0323 /* background@2x.png */,
				39A2E4171951BFF300AE0323 /* MainMenu.png */,
				39A2E4181951BFF300AE0323 /* MainMenu@2x.png */,
				39A2E4191951BFF300AE0323 /* YouLose.png */,
				39A2E41A1951BFF300AE0323 /* YouLose@2x.png */,
				39A2E41B1951BFF300AE0323 /* YouWin.png */,
				39A2E41C1951BFF300AE0323 /* YouWin@2x.png */,
			);
			path = Backgrounds;
			sourceTree = "<group>";
		};
		39A2E41D1951BFF300AE0323 /* Sounds */ = {
			isa = PBXGroup;
			children = (
				39A2E41E1951BFF300AE0323 /* bgMusic.mp3 */,
				39A2E41F1951BFF300AE0323 /* hitCat.wav */,
				39A2E4201951BFF300AE0323 /* hitCatLady.wav */,
				39A2E4211951BFF300AE0323 /* lose.wav */,
				39A2E4221951BFF300AE0323 /* win.wav */,
			);
			path = Sounds;
			sourceTree = "<group>";
		};
		39A2E4231951BFF300AE0323 /* sprites */ = {
			isa = PBXGroup;
			children = (
				39A2E4241951BFF300AE0323 /* cat.png */,
				39A2E4251951BFF300AE0323 /* cat@2x.png */,
				39A2E4261951BFF300AE0323 /* enemy.png */,
				39A2E4271951BFF300AE0323 /* enemy@2x.png */,
				39A2E4281951BFF300AE0323 /* zombie1.png */,
				39A2E4291951BFF300AE0323 /* zombie1@2x.png */,
				39A2E42A1951BFF300AE0323 /* zombie2.png */,
				39A2E42B1951BFF300AE0323 /* zombie2@2x.png */,
				39A2E42C1951BFF300AE0323 /* zombie3.png */,
				39A2E42D1951BFF300AE0323 /* zombie3@2x.png */,
				39A2E42E1951BFF300AE0323 /* zombie4.png */,
				39A2E42F1951BFF300AE0323 /* zombie4@2x.png */,
			);
			path = sprites;
			sourceTree = "<group>";
		};
/* End PBXGroup section */

/* Begin PBXNativeTarget section */
		39A2E3EA1951B79800AE0323 /* Zombie_Swift */ = {
			isa = PBXNativeTarget;
			buildConfigurationList = 39A2E40B1951B79800AE0323 /* Build configuration list for PBXNativeTarget "Zombie_Swift" */;
			buildPhases = (
				39A2E3E71951B79800AE0323 /* Sources */,
				39A2E3E81951B79800AE0323 /* Frameworks */,
				39A2E3E91951B79800AE0323 /* Resources */,
			);
			buildRules = (
			);
			dependencies = (
			);
			name = Zombie_Swift;
			productName = Zombie_Swift;
			productReference = 39A2E3EB1951B79800AE0323 /* Zombie_Swift.app */;
			productType = "com.apple.product-type.application";
		};
		39A2E4001951B79800AE0323 /* Zombie_SwiftTests */ = {
			isa = PBXNativeTarget;
			buildConfigurationList = 39A2E40E1951B79800AE0323 /* Build configuration list for PBXNativeTarget "Zombie_SwiftTests" */;
			buildPhases = (
				39A2E3FD1951B79800AE0323 /* Sources */,
				39A2E3FE1951B79800AE0323 /* Frameworks */,
				39A2E3FF1951B79800AE0323 /* Resources */,
			);
			buildRules = (
			);
			dependencies = (
				39A2E4031951B79800AE0323 /* PBXTargetDependency */,
			);
			name = Zombie_SwiftTests;
			productName = Zombie_SwiftTests;
			productReference = 39A2E4011951B79800AE0323 /* Zombie_SwiftTests.xctest */;
			productType = "com.apple.product-type.bundle.unit-test";
		};
/* End PBXNativeTarget section */

/* Begin PBXProject section */
		39A2E3E31951B79800AE0323 /* Project object */ = {
			isa = PBXProject;
			attributes = {
				LastUpgradeCheck = 0600;
				ORGANIZATIONNAME = "Hazel Jiang";
				TargetAttributes = {
					39A2E3EA1951B79800AE0323 = {
						CreatedOnToolsVersion = 6.0;
					};
					39A2E4001951B79800AE0323 = {
						CreatedOnToolsVersion = 6.0;
						TestTargetID = 39A2E3EA1951B79800AE0323;
					};
				};
			};
			buildConfigurationList = 39A2E3E61951B79800AE0323 /* Build configuration list for PBXProject "Zombie_Swift" */;
			compatibilityVersion = "Xcode 3.2";
			developmentRegion = English;
			hasScannedForEncodings = 0;
			knownRegions = (
				en,
				Base,
			);
			mainGroup = 39A2E3E21951B79800AE0323;
			productRefGroup = 39A2E3EC1951B79800AE0323 /* Products */;
			projectDirPath = "";
			projectRoot = "";
			targets = (
				39A2E3EA1951B79800AE0323 /* Zombie_Swift */,
				39A2E4001951B79800AE0323 /* Zombie_SwiftTests */,
			);
		};
/* End PBXProject section */

/* Begin PBXResourcesBuildPhase section */
		39A2E3E91951B79800AE0323 /* Resources */ = {
			isa = PBXResourcesBuildPhase;
			buildActionMask = 2147483647;
			files = (
				39A2E43D1951BFF300AE0323 /* lose.wav in Resources */,
				39A2E4381951BFF300AE0323 /* YouWin.png in Resources */,
				39A2E4411951BFF300AE0323 /* enemy.png in Resources */,
				39A2E4451951BFF300AE0323 /* zombie2.png in Resources */,
				39A2E4471951BFF300AE0323 /* zombie3.png in Resources */,
				39A2E43C1951BFF300AE0323 /* hitCatLady.wav in Resources */,
				39A2E4401951BFF300AE0323 /* cat@2x.png in Resources */,
				39A2E4421951BFF300AE0323 /* enemy@2x.png in Resources */,
				39A2E4371951BFF300AE0323 /* YouLose@2x.png in Resources */,
				39A2E44A1951BFF300AE0323 /* zombie4@2x.png in Resources */,
				39A2E3FC1951B79800AE0323 /* Images.xcassets in Resources */,
				39A2E4341951BFF300AE0323 /* MainMenu.png in Resources */,
				39A2E4311951BFF300AE0323 /* background.png in Resources */,
				39A2E4321951BFF300AE0323 /* background@2x (Charlie Fulton's conflicted copy 2013-10-22).png in Resources */,
				39A2E43B1951BFF300AE0323 /* hitCat.wav in Resources */,
				39A2E4391951BFF300AE0323 /* YouWin@2x.png in Resources */,
				39A2E4431951BFF300AE0323 /* zombie1.png in Resources */,
				39A2E4361951BFF300AE0323 /* YouLose.png in Resources */,
				39A2E43F1951BFF300AE0323 /* cat.png in Resources */,
				39A2E4331951BFF300AE0323 /* background@2x.png in Resources */,
				39A2E43A1951BFF300AE0323 /* bgMusic.mp3 in Resources */,
				39A2E4481951BFF300AE0323 /* zombie3@2x.png in Resources */,
				39A2E4461951BFF300AE0323 /* zombie2@2x.png in Resources */,
				39A2E4441951BFF300AE0323 /* zombie1@2x.png in Resources */,
				39A2E4491951BFF300AE0323 /* zombie4.png in Resources */,
				39A2E4351951BFF300AE0323 /* MainMenu@2x.png in Resources */,
				39A2E4301951BFF300AE0323 /* background (Charlie Fulton's conflicted copy 2013-10-22).png in Resources */,
				39A2E43E1951BFF300AE0323 /* win.wav in Resources */,
				39A2E3F31951B79800AE0323 /* GameScene.sks in Resources */,
				39A2E3FA1951B79800AE0323 /* Main.storyboard in Resources */,
			);
			runOnlyForDeploymentPostprocessing = 0;
		};
		39A2E3FF1951B79800AE0323 /* Resources */ = {
			isa = PBXResourcesBuildPhase;
			buildActionMask = 2147483647;
			files = (
			);
			runOnlyForDeploymentPostprocessing = 0;
		};
/* End PBXResourcesBuildPhase section */

/* Begin PBXSourcesBuildPhase section */
		39A2E3E71951B79800AE0323 /* Sources */ = {
			isa = PBXSourcesBuildPhase;
			buildActionMask = 2147483647;
			files = (
				39A2E3F51951B79800AE0323 /* GameScene.swift in Sources */,
				39A2E3F71951B79800AE0323 /* GameViewController.swift in Sources */,
				391234E619630C8B00628FA4 /* GameOverScene.swift in Sources */,
				39A2E3F11951B79800AE0323 /* AppDelegate.swift in Sources */,
			);
			runOnlyForDeploymentPostprocessing = 0;
		};
		39A2E3FD1951B79800AE0323 /* Sources */ = {
			isa = PBXSourcesBuildPhase;
			buildActionMask = 2147483647;
			files = (
				39A2E4081951B79800AE0323 /* Zombie_SwiftTests.swift in Sources */,
			);
			runOnlyForDeploymentPostprocessing = 0;
		};
/* End PBXSourcesBuildPhase section */

/* Begin PBXTargetDependency section */
		39A2E4031951B79800AE0323 /* PBXTargetDependency */ = {
			isa = PBXTargetDependency;
			target = 39A2E3EA1951B79800AE0323 /* Zombie_Swift */;
			targetProxy = 39A2E4021951B79800AE0323 /* PBXContainerItemProxy */;
		};
/* End PBXTargetDependency section */

/* Begin PBXVariantGroup section */
		39A2E3F81951B79800AE0323 /* Main.storyboard */ = {
			isa = PBXVariantGroup;
			children = (
				39A2E3F91951B79800AE0323 /* Base */,
			);
			name = Main.storyboard;
			sourceTree = "<group>";
		};
/* End PBXVariantGroup section */

/* Begin XCBuildConfiguration section */
		39A2E4091951B79800AE0323 /* Debug */ = {
			isa = XCBuildConfiguration;
			buildSettings = {
				ALWAYS_SEARCH_USER_PATHS = NO;
				CLANG_CXX_LANGUAGE_STANDARD = "gnu++0x";
				CLANG_CXX_LIBRARY = "libc++";
				CLANG_ENABLE_MODULES = YES;
				CLANG_ENABLE_OBJC_ARC = YES;
				CLANG_WARN_BOOL_CONVERSION = YES;
				CLANG_WARN_CONSTANT_CONVERSION = YES;
				CLANG_WARN_DIRECT_OBJC_ISA_USAGE = YES_ERROR;
				CLANG_WARN_EMPTY_BODY = YES;
				CLANG_WARN_ENUM_CONVERSION = YES;
				CLANG_WARN_INT_CONVERSION = YES;
				CLANG_WARN_OBJC_ROOT_CLASS = YES_ERROR;
				CLANG_WARN_UNREACHABLE_CODE = YES;
				CLANG_WARN__DUPLICATE_METHOD_MATCH = YES;
				"CODE_SIGN_IDENTITY[sdk=iphoneos*]" = "iPhone Developer";
				COPY_PHASE_STRIP = NO;
				ENABLE_STRICT_OBJC_MSGSEND = YES;
				GCC_C_LANGUAGE_STANDARD = gnu99;
				GCC_DYNAMIC_NO_PIC = NO;
				GCC_OPTIMIZATION_LEVEL = 0;
				GCC_PREPROCESSOR_DEFINITIONS = (
					"DEBUG=1",
					"$(inherited)",
				);
				GCC_SYMBOLS_PRIVATE_EXTERN = NO;
				GCC_WARN_64_TO_32_BIT_CONVERSION = YES;
				GCC_WARN_ABOUT_RETURN_TYPE = YES_ERROR;
				GCC_WARN_UNDECLARED_SELECTOR = YES;
				GCC_WARN_UNINITIALIZED_AUTOS = YES_AGGRESSIVE;
				GCC_WARN_UNUSED_FUNCTION = YES;
				GCC_WARN_UNUSED_VARIABLE = YES;
				IPHONEOS_DEPLOYMENT_TARGET = 8.0;
				METAL_ENABLE_DEBUG_INFO = YES;
				ONLY_ACTIVE_ARCH = YES;
				SDKROOT = iphoneos;
				SWIFT_OPTIMIZATION_LEVEL = "-Onone";
			};
			name = Debug;
		};
		39A2E40A1951B79800AE0323 /* Release */ = {
			isa = XCBuildConfiguration;
			buildSettings = {
				ALWAYS_SEARCH_USER_PATHS = NO;
				CLANG_CXX_LANGUAGE_STANDARD = "gnu++0x";
				CLANG_CXX_LIBRARY = "libc++";
				CLANG_ENABLE_MODULES = YES;
				CLANG_ENABLE_OBJC_ARC = YES;
				CLANG_WARN_BOOL_CONVERSION = YES;
				CLANG_WARN_CONSTANT_CONVERSION = YES;
				CLANG_WARN_DIRECT_OBJC_ISA_USAGE = YES_ERROR;
				CLANG_WARN_EMPTY_BODY = YES;
				CLANG_WARN_ENUM_CONVERSION = YES;
				CLANG_WARN_INT_CONVERSION = YES;
				CLANG_WARN_OBJC_ROOT_CLASS = YES_ERROR;
				CLANG_WARN_UNREACHABLE_CODE = YES;
				CLANG_WARN__DUPLICATE_METHOD_MATCH = YES;
				"CODE_SIGN_IDENTITY[sdk=iphoneos*]" = "iPhone Developer";
				COPY_PHASE_STRIP = YES;
				ENABLE_NS_ASSERTIONS = NO;
				ENABLE_STRICT_OBJC_MSGSEND = YES;
				GCC_C_LANGUAGE_STANDARD = gnu99;
				GCC_WARN_64_TO_32_BIT_CONVERSION = YES;
				GCC_WARN_ABOUT_RETURN_TYPE = YES_ERROR;
				GCC_WARN_UNDECLARED_SELECTOR = YES;
				GCC_WARN_UNINITIALIZED_AUTOS = YES_AGGRESSIVE;
				GCC_WARN_UNUSED_FUNCTION = YES;
				GCC_WARN_UNUSED_VARIABLE = YES;
				IPHONEOS_DEPLOYMENT_TARGET = 8.0;
				METAL_ENABLE_DEBUG_INFO = NO;
				SDKROOT = iphoneos;
				VALIDATE_PRODUCT = YES;
			};
			name = Release;
		};
		39A2E40C1951B79800AE0323 /* Debug */ = {
			isa = XCBuildConfiguration;
			buildSettings = {
				ASSETCATALOG_COMPILER_APPICON_NAME = AppIcon;
				ASSETCATALOG_COMPILER_LAUNCHIMAGE_NAME = LaunchImage;
				INFOPLIST_FILE = Zombie_Swift/Info.plist;
				LD_RUNPATH_SEARCH_PATHS = "$(inherited) @executable_path/Frameworks";
				PRODUCT_NAME = "$(TARGET_NAME)";
			};
			name = Debug;
		};
		39A2E40D1951B79800AE0323 /* Release */ = {
			isa = XCBuildConfiguration;
			buildSettings = {
				ASSETCATALOG_COMPILER_APPICON_NAME = AppIcon;
				ASSETCATALOG_COMPILER_LAUNCHIMAGE_NAME = LaunchImage;
				INFOPLIST_FILE = Zombie_Swift/Info.plist;
				LD_RUNPATH_SEARCH_PATHS = "$(inherited) @executable_path/Frameworks";
				PRODUCT_NAME = "$(TARGET_NAME)";
			};
			name = Release;
		};
		39A2E40F1951B79800AE0323 /* Debug */ = {
			isa = XCBuildConfiguration;
			buildSettings = {
				BUNDLE_LOADER = "$(BUILT_PRODUCTS_DIR)/Zombie_Swift.app/Zombie_Swift";
				FRAMEWORK_SEARCH_PATHS = (
					"$(SDKROOT)/Developer/Library/Frameworks",
					"$(inherited)",
				);
				GCC_PREPROCESSOR_DEFINITIONS = (
					"DEBUG=1",
					"$(inherited)",
				);
				INFOPLIST_FILE = Zombie_SwiftTests/Info.plist;
				LD_RUNPATH_SEARCH_PATHS = "$(inherited) @executable_path/Frameworks @loader_path/Frameworks";
				METAL_ENABLE_DEBUG_INFO = YES;
				PRODUCT_NAME = "$(TARGET_NAME)";
				TEST_HOST = "$(BUNDLE_LOADER)";
			};
			name = Debug;
		};
		39A2E4101951B79800AE0323 /* Release */ = {
			isa = XCBuildConfiguration;
			buildSettings = {
				BUNDLE_LOADER = "$(BUILT_PRODUCTS_DIR)/Zombie_Swift.app/Zombie_Swift";
				FRAMEWORK_SEARCH_PATHS = (
					"$(SDKROOT)/Developer/Library/Frameworks",
					"$(inherited)",
				);
				INFOPLIST_FILE = Zombie_SwiftTests/Info.plist;
				LD_RUNPATH_SEARCH_PATHS = "$(inherited) @executable_path/Frameworks @loader_path/Frameworks";
				METAL_ENABLE_DEBUG_INFO = NO;
				PRODUCT_NAME = "$(TARGET_NAME)";
				TEST_HOST = "$(BUNDLE_LOADER)";
			};
			name = Release;
		};
/* End XCBuildConfiguration section */

/* Begin XCConfigurationList section */
		39A2E3E61951B79800AE0323 /* Build configuration list for PBXProject "Zombie_Swift" */ = {
			isa = XCConfigurationList;
			buildConfigurations = (
				39A2E4091951B79800AE0323 /* Debug */,
				39A2E40A1951B79800AE0323 /* Release */,
			);
			defaultConfigurationIsVisible = 0;
			defaultConfigurationName = Release;
		};
		39A2E40B1951B79800AE0323 /* Build configuration list for PBXNativeTarget "Zombie_Swift" */ = {
			isa = XCConfigurationList;
			buildConfigurations = (
				39A2E40C1951B79800AE0323 /* Debug */,
				39A2E40D1951B79800AE0323 /* Release */,
			);
			defaultConfigurationIsVisible = 0;
			defaultConfigurationName = Release;
		};
		39A2E40E1951B79800AE0323 /* Build configuration list for PBXNativeTarget "Zombie_SwiftTests" */ = {
			isa = XCConfigurationList;
			buildConfigurations = (
				39A2E40F1951B79800AE0323 /* Debug */,
				39A2E4101951B79800AE0323 /* Release */,
			);
			defaultConfigurationIsVisible = 0;
			defaultConfigurationName = Release;
		};
/* End XCConfigurationList section */
	};
	rootObject = 39A2E3E31951B79800AE0323 /* Project object */;
}
